<Solution>
  <Project Path="Sightful.Avalonia.Controls.PropertyGrid\Sightful.Avalonia.Controls.PropertyGrid.csproj" Type="Classic C#" />
  <Project Path="Sightful.Avalonia.Controls\Sightful.Avalonia.Controls.csproj" Type="Classic C#" />
  <Project Path="Sightful.Avalonia.Demo\Sightful.Avalonia.Demo.csproj" Type="Classic C#" />
  <Project Path="Sightful.Avalonia.TreeDataGrid\Sightful.Avalonia.TreeDataGrid.csproj" Type="Classic C#" />
  <Project Path="Sightful.Avalonia\Sightful.Avalonia.csproj" Type="Classic C#" />
</Solution>